
Microsoft Visual Studio Solution File, Format Version 12.00
# Visual Studio 15
VisualStudioVersion = 15.0.28010.2050
MinimumVisualStudioVersion = 10.0.40219.1
Project("{FAE04EC0-301F-11D3-BF4B-00C04F79EFBC}") = "formsCreator", "formsCreator\formsCreator.csproj", "{B4326382-E5B4-4B0F-96D0-6AC5A790F5CE}"
EndProject
Global
	GlobalSection(SolutionConfigurationPlatforms) = preSolution
		Debug|Any CPU = Debug|Any CPU
		Release|Any CPU = Release|Any CPU
	EndGlobalSection
	GlobalSection(ProjectConfigurationPlatforms) = postSolution
		{B4326382-E5B4-4B0F-96D0-6AC5A790F5CE}.Debug|Any CPU.ActiveCfg = Debug|Any CPU
		{B4326382-E5B4-4B0F-96D0-6AC5A790F5CE}.Debug|Any CPU.Build.0 = Debug|Any CPU
		{B4326382-E5B4-4B0F-96D0-6AC5A790F5CE}.Release|Any CPU.ActiveCfg = Release|Any CPU
		{B4326382-E5B4-4B0F-96D0-6AC5A790F5CE}.Release|Any CPU.Build.0 = Release|Any CPU
	EndGlobalSection
	GlobalSection(SolutionProperties) = preSolution
		HideSolutionNode = FALSE
	EndGlobalSection
	GlobalSection(ExtensibilityGlobals) = postSolution
		SolutionGuid = {E0531B23-ABD6-4E08-84EA-5D1EE1A6C1FE}
	EndGlobalSection
EndGlobal
